
Microsoft Visual Studio Solution File, Format Version 12.00
# Visual Studio Version 17
VisualStudioVersion = 17.14.36203.30
MinimumVisualStudioVersion = 10.0.40219.1
Project("{FAE04EC0-301F-11D3-BF4B-00C04F79EFBC}") = "Calculator", "Calculator\Calculator.csproj", "{F625E553-7DC2-40B7-98B5-10AD994EFCE1}"
EndProject
Project("{FAE04EC0-301F-11D3-BF4B-00C04F79EFBC}") = "Calendar", "Calendar\Calendar.csproj", "{1E152EBE-70EB-4125-BE9A-9635ADEF8F6D}"
EndProject
Project("{FAE04EC0-301F-11D3-BF4B-00C04F79EFBC}") = "Bankomat", "Bankomat\Bankomat.csproj", "{E80D87C4-9AD9-494D-A82A-9FCBCBD71675}"
EndProject
Global
	GlobalSection(SolutionConfigurationPlatforms) = preSolution
		Debug|Any CPU = Debug|Any CPU
		Release|Any CPU = Release|Any CPU
	EndGlobalSection
	GlobalSection(ProjectConfigurationPlatforms) = postSolution
		{F625E553-7DC2-40B7-98B5-10AD994EFCE1}.Debug|Any CPU.ActiveCfg = Debug|Any CPU
		{F625E553-7DC2-40B7-98B5-10AD994EFCE1}.Debug|Any CPU.Build.0 = Debug|Any CPU
		{F625E553-7DC2-40B7-98B5-10AD994EFCE1}.Release|Any CPU.ActiveCfg = Release|Any CPU
		{F625E553-7DC2-40B7-98B5-10AD994EFCE1}.Release|Any CPU.Build.0 = Release|Any CPU
		{1E152EBE-70EB-4125-BE9A-9635ADEF8F6D}.Debug|Any CPU.ActiveCfg = Debug|Any CPU
		{1E152EBE-70EB-4125-BE9A-9635ADEF8F6D}.Debug|Any CPU.Build.0 = Debug|Any CPU
		{1E152EBE-70EB-4125-BE9A-9635ADEF8F6D}.Release|Any CPU.ActiveCfg = Release|Any CPU
		{1E152EBE-70EB-4125-BE9A-9635ADEF8F6D}.Release|Any CPU.Build.0 = Release|Any CPU
		{E80D87C4-9AD9-494D-A82A-9FCBCBD71675}.Debug|Any CPU.ActiveCfg = Debug|Any CPU
		{E80D87C4-9AD9-494D-A82A-9FCBCBD71675}.Debug|Any CPU.Build.0 = Debug|Any CPU
		{E80D87C4-9AD9-494D-A82A-9FCBCBD71675}.Release|Any CPU.ActiveCfg = Release|Any CPU
		{E80D87C4-9AD9-494D-A82A-9FCBCBD71675}.Release|Any CPU.Build.0 = Release|Any CPU
	EndGlobalSection
	GlobalSection(SolutionProperties) = preSolution
		HideSolutionNode = FALSE
	EndGlobalSection
	GlobalSection(ExtensibilityGlobals) = postSolution
		SolutionGuid = {92168648-A827-419C-BAD6-7E0ACCCDE338}
	EndGlobalSection
EndGlobal
